
Microsoft Visual Studio Solution File, Format Version 12.00
# Visual Studio 15
VisualStudioVersion = 15.0.26430.15
MinimumVisualStudioVersion = 10.0.40219.1
Project("{FAE04EC0-301F-11D3-BF4B-00C04F79EFBC}") = "DataSerialization.Web", "DataSerialization.Web\DataSerialization.Web.csproj", "{A2B7F62C-309D-4DA6-9B43-76A054B27213}"
EndProject
Project("{FAE04EC0-301F-11D3-BF4B-00C04F79EFBC}") = "DataSerialization.Data", "DataSerialization.Data\DataSerialization.Data.csproj", "{61CD8849-A426-422D-839E-5056B8ECDFCD}"
EndProject
Global
	GlobalSection(SolutionConfigurationPlatforms) = preSolution
		Debug|Any CPU = Debug|Any CPU
		Release|Any CPU = Release|Any CPU
	EndGlobalSection
	GlobalSection(ProjectConfigurationPlatforms) = postSolution
		{A2B7F62C-309D-4DA6-9B43-76A054B27213}.Debug|Any CPU.ActiveCfg = Debug|Any CPU
		{A2B7F62C-309D-4DA6-9B43-76A054B27213}.Debug|Any CPU.Build.0 = Debug|Any CPU
		{A2B7F62C-309D-4DA6-9B43-76A054B27213}.Release|Any CPU.ActiveCfg = Release|Any CPU
		{A2B7F62C-309D-4DA6-9B43-76A054B27213}.Release|Any CPU.Build.0 = Release|Any CPU
		{61CD8849-A426-422D-839E-5056B8ECDFCD}.Debug|Any CPU.ActiveCfg = Debug|Any CPU
		{61CD8849-A426-422D-839E-5056B8ECDFCD}.Debug|Any CPU.Build.0 = Debug|Any CPU
		{61CD8849-A426-422D-839E-5056B8ECDFCD}.Release|Any CPU.ActiveCfg = Release|Any CPU
		{61CD8849-A426-422D-839E-5056B8ECDFCD}.Release|Any CPU.Build.0 = Release|Any CPU
	EndGlobalSection
	GlobalSection(SolutionProperties) = preSolution
		HideSolutionNode = FALSE
	EndGlobalSection
EndGlobal
