
Microsoft Visual Studio Solution File, Format Version 12.00
# Visual Studio 15
VisualStudioVersion = 15.0.26430.15
MinimumVisualStudioVersion = 10.0.40219.1
Project("{FAE04EC0-301F-11D3-BF4B-00C04F79EFBC}") = "DataSerialization.Web", "DataSerialization.Web\DataSerialization.Web.csproj", "{A2B7F62C-309D-4DA6-9B43-76A054B27213}"
EndProject
Project("{FAE04EC0-301F-11D3-BF4B-00C04F79EFBC}") = "DataSerialization.App.Droid", "..\DataSerialization.App\Droid\DataSerialization.App.Droid.csproj", "{A181035D-6464-4A68-A1D4-4F1C934D0509}"
EndProject
Project("{FAE04EC0-301F-11D3-BF4B-00C04F79EFBC}") = "DataSerialization.App.iOS", "..\DataSerialization.App\iOS\DataSerialization.App.iOS.csproj", "{C14E0648-7E96-4C4B-8338-6B53B00A2E02}"
EndProject
Project("{FAE04EC0-301F-11D3-BF4B-00C04F79EFBC}") = "DataSerialization.Data", "DataSerialization.DAL\DataSerialization.Data.csproj", "{86642F91-0DE4-49BB-8B27-79BF98ACCE1C}"
EndProject
Project("{FAE04EC0-301F-11D3-BF4B-00C04F79EFBC}") = "DataSerialization.App", "DataSerialization.AppStandard\DataSerialization.App.csproj", "{330761BF-7B0C-4DBA-BD8B-9F522F4014A3}"
EndProject
Global
	GlobalSection(SolutionConfigurationPlatforms) = preSolution
		Debug|Any CPU = Debug|Any CPU
		Release|Any CPU = Release|Any CPU
		Debug|iPhoneSimulator = Debug|iPhoneSimulator
		Release|iPhone = Release|iPhone
		Release|iPhoneSimulator = Release|iPhoneSimulator
		Debug|iPhone = Debug|iPhone
	EndGlobalSection
	GlobalSection(ProjectConfigurationPlatforms) = postSolution
		{A2B7F62C-309D-4DA6-9B43-76A054B27213}.Debug|Any CPU.ActiveCfg = Debug|Any CPU
		{A2B7F62C-309D-4DA6-9B43-76A054B27213}.Debug|Any CPU.Build.0 = Debug|Any CPU
		{A2B7F62C-309D-4DA6-9B43-76A054B27213}.Release|Any CPU.ActiveCfg = Release|Any CPU
		{A2B7F62C-309D-4DA6-9B43-76A054B27213}.Release|Any CPU.Build.0 = Release|Any CPU
		{A2B7F62C-309D-4DA6-9B43-76A054B27213}.Debug|iPhoneSimulator.ActiveCfg = Debug|Any CPU
		{A2B7F62C-309D-4DA6-9B43-76A054B27213}.Debug|iPhoneSimulator.Build.0 = Debug|Any CPU
		{A2B7F62C-309D-4DA6-9B43-76A054B27213}.Release|iPhone.ActiveCfg = Release|Any CPU
		{A2B7F62C-309D-4DA6-9B43-76A054B27213}.Release|iPhone.Build.0 = Release|Any CPU
		{A2B7F62C-309D-4DA6-9B43-76A054B27213}.Release|iPhoneSimulator.ActiveCfg = Release|Any CPU
		{A2B7F62C-309D-4DA6-9B43-76A054B27213}.Release|iPhoneSimulator.Build.0 = Release|Any CPU
		{A2B7F62C-309D-4DA6-9B43-76A054B27213}.Debug|iPhone.ActiveCfg = Debug|Any CPU
		{A2B7F62C-309D-4DA6-9B43-76A054B27213}.Debug|iPhone.Build.0 = Debug|Any CPU
		{A181035D-6464-4A68-A1D4-4F1C934D0509}.Debug|Any CPU.ActiveCfg = Debug|Any CPU
		{A181035D-6464-4A68-A1D4-4F1C934D0509}.Debug|Any CPU.Build.0 = Debug|Any CPU
		{A181035D-6464-4A68-A1D4-4F1C934D0509}.Release|Any CPU.ActiveCfg = Release|Any CPU
		{A181035D-6464-4A68-A1D4-4F1C934D0509}.Release|Any CPU.Build.0 = Release|Any CPU
		{A181035D-6464-4A68-A1D4-4F1C934D0509}.Debug|iPhoneSimulator.ActiveCfg = Debug|Any CPU
		{A181035D-6464-4A68-A1D4-4F1C934D0509}.Debug|iPhoneSimulator.Build.0 = Debug|Any CPU
		{A181035D-6464-4A68-A1D4-4F1C934D0509}.Release|iPhone.ActiveCfg = Release|Any CPU
		{A181035D-6464-4A68-A1D4-4F1C934D0509}.Release|iPhone.Build.0 = Release|Any CPU
		{A181035D-6464-4A68-A1D4-4F1C934D0509}.Release|iPhoneSimulator.ActiveCfg = Release|Any CPU
		{A181035D-6464-4A68-A1D4-4F1C934D0509}.Release|iPhoneSimulator.Build.0 = Release|Any CPU
		{A181035D-6464-4A68-A1D4-4F1C934D0509}.Debug|iPhone.ActiveCfg = Debug|Any CPU
		{A181035D-6464-4A68-A1D4-4F1C934D0509}.Debug|iPhone.Build.0 = Debug|Any CPU
		{C14E0648-7E96-4C4B-8338-6B53B00A2E02}.Debug|Any CPU.ActiveCfg = Debug|iPhoneSimulator
		{C14E0648-7E96-4C4B-8338-6B53B00A2E02}.Debug|Any CPU.Build.0 = Debug|iPhoneSimulator
		{C14E0648-7E96-4C4B-8338-6B53B00A2E02}.Release|Any CPU.ActiveCfg = Release|iPhone
		{C14E0648-7E96-4C4B-8338-6B53B00A2E02}.Release|Any CPU.Build.0 = Release|iPhone
		{C14E0648-7E96-4C4B-8338-6B53B00A2E02}.Debug|iPhoneSimulator.ActiveCfg = Debug|iPhoneSimulator
		{C14E0648-7E96-4C4B-8338-6B53B00A2E02}.Debug|iPhoneSimulator.Build.0 = Debug|iPhoneSimulator
		{C14E0648-7E96-4C4B-8338-6B53B00A2E02}.Release|iPhone.ActiveCfg = Release|iPhone
		{C14E0648-7E96-4C4B-8338-6B53B00A2E02}.Release|iPhone.Build.0 = Release|iPhone
		{C14E0648-7E96-4C4B-8338-6B53B00A2E02}.Release|iPhoneSimulator.ActiveCfg = Release|iPhoneSimulator
		{C14E0648-7E96-4C4B-8338-6B53B00A2E02}.Release|iPhoneSimulator.Build.0 = Release|iPhoneSimulator
		{C14E0648-7E96-4C4B-8338-6B53B00A2E02}.Debug|iPhone.ActiveCfg = Debug|iPhone
		{C14E0648-7E96-4C4B-8338-6B53B00A2E02}.Debug|iPhone.Build.0 = Debug|iPhone
		{86642F91-0DE4-49BB-8B27-79BF98ACCE1C}.Debug|Any CPU.ActiveCfg = Debug|Any CPU
		{86642F91-0DE4-49BB-8B27-79BF98ACCE1C}.Debug|Any CPU.Build.0 = Debug|Any CPU
		{86642F91-0DE4-49BB-8B27-79BF98ACCE1C}.Release|Any CPU.ActiveCfg = Release|Any CPU
		{86642F91-0DE4-49BB-8B27-79BF98ACCE1C}.Release|Any CPU.Build.0 = Release|Any CPU
		{86642F91-0DE4-49BB-8B27-79BF98ACCE1C}.Debug|iPhoneSimulator.ActiveCfg = Debug|Any CPU
		{86642F91-0DE4-49BB-8B27-79BF98ACCE1C}.Debug|iPhoneSimulator.Build.0 = Debug|Any CPU
		{86642F91-0DE4-49BB-8B27-79BF98ACCE1C}.Release|iPhone.ActiveCfg = Release|Any CPU
		{86642F91-0DE4-49BB-8B27-79BF98ACCE1C}.Release|iPhone.Build.0 = Release|Any CPU
		{86642F91-0DE4-49BB-8B27-79BF98ACCE1C}.Release|iPhoneSimulator.ActiveCfg = Release|Any CPU
		{86642F91-0DE4-49BB-8B27-79BF98ACCE1C}.Release|iPhoneSimulator.Build.0 = Release|Any CPU
		{86642F91-0DE4-49BB-8B27-79BF98ACCE1C}.Debug|iPhone.ActiveCfg = Debug|Any CPU
		{86642F91-0DE4-49BB-8B27-79BF98ACCE1C}.Debug|iPhone.Build.0 = Debug|Any CPU
		{330761BF-7B0C-4DBA-BD8B-9F522F4014A3}.Debug|Any CPU.ActiveCfg = Debug|Any CPU
		{330761BF-7B0C-4DBA-BD8B-9F522F4014A3}.Debug|Any CPU.Build.0 = Debug|Any CPU
		{330761BF-7B0C-4DBA-BD8B-9F522F4014A3}.Release|Any CPU.ActiveCfg = Release|Any CPU
		{330761BF-7B0C-4DBA-BD8B-9F522F4014A3}.Release|Any CPU.Build.0 = Release|Any CPU
		{330761BF-7B0C-4DBA-BD8B-9F522F4014A3}.Debug|iPhoneSimulator.ActiveCfg = Debug|Any CPU
		{330761BF-7B0C-4DBA-BD8B-9F522F4014A3}.Debug|iPhoneSimulator.Build.0 = Debug|Any CPU
		{330761BF-7B0C-4DBA-BD8B-9F522F4014A3}.Release|iPhone.ActiveCfg = Release|Any CPU
		{330761BF-7B0C-4DBA-BD8B-9F522F4014A3}.Release|iPhone.Build.0 = Release|Any CPU
		{330761BF-7B0C-4DBA-BD8B-9F522F4014A3}.Release|iPhoneSimulator.ActiveCfg = Release|Any CPU
		{330761BF-7B0C-4DBA-BD8B-9F522F4014A3}.Release|iPhoneSimulator.Build.0 = Release|Any CPU
		{330761BF-7B0C-4DBA-BD8B-9F522F4014A3}.Debug|iPhone.ActiveCfg = Debug|Any CPU
		{330761BF-7B0C-4DBA-BD8B-9F522F4014A3}.Debug|iPhone.Build.0 = Debug|Any CPU
	EndGlobalSection
	GlobalSection(SolutionProperties) = preSolution
		HideSolutionNode = FALSE
	EndGlobalSection
EndGlobal
